{
  "name": "crm_app",
  "lockfileVersion": 2,
  "requires": true,
  "packages": {
    "": {
      "dependencies": {
        "@hotwired/turbo-rails": "^8.0.5",
        "@popperjs/core": "^2.11.8",
        "bootstrap": "^5.3.3",
        "bootstrap-icons": "^1.11.3"
      }
    },
    "node_modules/@hotwired/turbo": {
      "version": "8.0.5",
      "resolved": "https://registry.npmjs.org/@hotwired/turbo/-/turbo-8.0.5.tgz",
      "integrity": "sha512-TdZDA7fxVQ2ZycygvpnzjGPmFq4sO/E2QVg+2em/sJ3YTSsIWVEis8HmWlumz+c9DjWcUkcCuB+muF08TInpAQ==",
      "license": "MIT",
      "engines": {
        "node": ">= 14"
      }
    },
    "node_modules/@hotwired/turbo-rails": {
      "version": "8.0.5",
      "resolved": "https://registry.npmjs.org/@hotwired/turbo-rails/-/turbo-rails-8.0.5.tgz",
      "integrity": "sha512-1A9G9u28IRAl0C57z8Ka3AhNPyJdwfOrbjr+ABZk2ZEUw2QO7cJ0pgs77asUj2E/tzn1PgrxrSVu24W+1Q5uBA==",
      "license": "MIT",
      "dependencies": {
        "@hotwired/turbo": "^8.0.5",
        "@rails/actioncable": "^7.0"
      }
    },
    "node_modules/@popperjs/core": {
      "version": "2.11.8",
      "resolved": "https://registry.npmjs.org/@popperjs/core/-/core-2.11.8.tgz",
      "integrity": "sha512-P1st0aksCrn9sGZhp8GMYwBnQsbvAWsZAX44oXNNvLHGqAOcoVxmjZiohstwQ7SqKnbR47akdNi+uleWD8+g6A==",
      "license": "MIT",
      "funding": {
        "type": "opencollective",
        "url": "https://opencollective.com/popperjs"
      }
    },
    "node_modules/@rails/actioncable": {
      "version": "7.2.100",
      "resolved": "https://registry.npmjs.org/@rails/actioncable/-/actioncable-7.2.100.tgz",
      "integrity": "sha512-7xtIENf0Yw59AFDM3+xqxPCZxev3QVAqjPmUzmgsB9eL8S/zTpB0IU9srNc7XknzJI4e09XKNnCaJRx3gfYzXA==",
      "license": "MIT"
    },
    "node_modules/bootstrap": {
      "version": "5.3.3",
      "resolved": "https://registry.npmjs.org/bootstrap/-/bootstrap-5.3.3.tgz",
      "integrity": "sha512-8HLCdWgyoMguSO9o+aH+iuZ+aht+mzW0u3HIMzVu7Srrpv7EBBxTnrFlSCskwdY1+EOFQSm7uMJhNQHkdPcmjg==",
      "funding": [
        {
          "type": "github",
          "url": "https://github.com/sponsors/twbs"
        },
        {
          "type": "opencollective",
          "url": "https://opencollective.com/bootstrap"
        }
      ],
      "license": "MIT",
      "peerDependencies": {
        "@popperjs/core": "^2.11.8"
      }
    },
    "node_modules/bootstrap-icons": {
      "version": "1.11.3",
      "resolved": "https://registry.npmjs.org/bootstrap-icons/-/bootstrap-icons-1.11.3.tgz",
      "integrity": "sha512-+3lpHrCw/it2/7lBL15VR0HEumaBss0+f/Lb6ZvHISn1mlK83jjFpooTLsMWbIjJMDjDjOExMsTxnXSIT4k4ww==",
      "funding": [
        {
          "type": "github",
          "url": "https://github.com/sponsors/twbs"
        },
        {
          "type": "opencollective",
          "url": "https://opencollective.com/bootstrap"
        }
      ]
    }
  },
  "dependencies": {
    "@hotwired/turbo": {
      "version": "8.0.5",
      "resolved": "https://registry.npmjs.org/@hotwired/turbo/-/turbo-8.0.5.tgz",
      "integrity": "sha512-TdZDA7fxVQ2ZycygvpnzjGPmFq4sO/E2QVg+2em/sJ3YTSsIWVEis8HmWlumz+c9DjWcUkcCuB+muF08TInpAQ=="
    },
    "@hotwired/turbo-rails": {
      "version": "8.0.5",
      "resolved": "https://registry.npmjs.org/@hotwired/turbo-rails/-/turbo-rails-8.0.5.tgz",
      "integrity": "sha512-1A9G9u28IRAl0C57z8Ka3AhNPyJdwfOrbjr+ABZk2ZEUw2QO7cJ0pgs77asUj2E/tzn1PgrxrSVu24W+1Q5uBA==",
      "requires": {
        "@hotwired/turbo": "^8.0.5",
        "@rails/actioncable": "^7.0"
      }
    },
    "@popperjs/core": {
      "version": "2.11.8",
      "resolved": "https://registry.npmjs.org/@popperjs/core/-/core-2.11.8.tgz",
      "integrity": "sha512-P1st0aksCrn9sGZhp8GMYwBnQsbvAWsZAX44oXNNvLHGqAOcoVxmjZiohstwQ7SqKnbR47akdNi+uleWD8+g6A=="
    },
    "@rails/actioncable": {
      "version": "7.2.100",
      "resolved": "https://registry.npmjs.org/@rails/actioncable/-/actioncable-7.2.100.tgz",
      "integrity": "sha512-7xtIENf0Yw59AFDM3+xqxPCZxev3QVAqjPmUzmgsB9eL8S/zTpB0IU9srNc7XknzJI4e09XKNnCaJRx3gfYzXA=="
    },
    "bootstrap": {
      "version": "5.3.3",
      "resolved": "https://registry.npmjs.org/bootstrap/-/bootstrap-5.3.3.tgz",
      "integrity": "sha512-8HLCdWgyoMguSO9o+aH+iuZ+aht+mzW0u3HIMzVu7Srrpv7EBBxTnrFlSCskwdY1+EOFQSm7uMJhNQHkdPcmjg==",
      "requires": {}
    },
    "bootstrap-icons": {
      "version": "1.11.3",
      "resolved": "https://registry.npmjs.org/bootstrap-icons/-/bootstrap-icons-1.11.3.tgz",
      "integrity": "sha512-+3lpHrCw/it2/7lBL15VR0HEumaBss0+f/Lb6ZvHISn1mlK83jjFpooTLsMWbIjJMDjDjOExMsTxnXSIT4k4ww=="
    }
  }
}
